
Microsoft Visual Studio Solution File, Format Version 12.00
# Visual Studio Version 16
VisualStudioVersion = 16.0.30804.86
MinimumVisualStudioVersion = 10.0.40219.1
Project("{9A19103F-16F7-4668-BE54-9A1E7A4F7556}") = "Domain", "Domain\Domain.csproj", "{C8594BA4-8567-4EA7-BA03-4F18B04C2398}"
EndProject
Project("{9A19103F-16F7-4668-BE54-9A1E7A4F7556}") = "Application", "Application\Application.csproj", "{DBD2D189-5D8E-4BAF-B2E7-C14D0DD06392}"
EndProject
Project("{9A19103F-16F7-4668-BE54-9A1E7A4F7556}") = "Infrastructure", "Infrastructure\Infrastructure.csproj", "{CC339553-1FC8-4866-A3CB-3795E439E17A}"
EndProject
Project("{9A19103F-16F7-4668-BE54-9A1E7A4F7556}") = "API", "API\API.csproj", "{C84857E5-4EA6-4BC6-8BA6-D853229A8913}"
EndProject
Project("{2150E333-8FDC-42A3-9474-1A3956D46DE8}") = "tests", "tests", "{93371FBF-A2BB-4A6B-9D5B-7AD29F1C53AD}"
EndProject
Project("{9A19103F-16F7-4668-BE54-9A1E7A4F7556}") = "Application.IntegrationTests", "tests\Application.IntegrationTests\Application.IntegrationTests.csproj", "{34A41EE3-93DD-43E6-A7A3-41510224900A}"
EndProject
Project("{E53339B2-1760-4266-BCC7-CA923CBCF16C}") = "docker-compose", "docker-compose.dcproj", "{DBAA6C48-5BC8-4B0F-8C0F-930E28F46CE8}"
EndProject
Project("{9A19103F-16F7-4668-BE54-9A1E7A4F7556}") = "ServerlessAPI", "ServerlessAPI\ServerlessAPI.csproj", "{198019B9-7866-4907-B5EC-0CB9F7E72211}"
EndProject
Project("{2150E333-8FDC-42A3-9474-1A3956D46DE8}") = "k8s", "k8s", "{7D97577B-6DC2-4BC1-9F82-4C77B7FBF016}"
	ProjectSection(SolutionItems) = preProject
		brockeragefirm-api-deployment.yaml = brockeragefirm-api-deployment.yaml
		brockeragefirm-db-deployment.yaml = brockeragefirm-db-deployment.yaml
	EndProjectSection
EndProject
Global
	GlobalSection(SolutionConfigurationPlatforms) = preSolution
		Debug|Any CPU = Debug|Any CPU
		Release|Any CPU = Release|Any CPU
	EndGlobalSection
	GlobalSection(ProjectConfigurationPlatforms) = postSolution
		{C8594BA4-8567-4EA7-BA03-4F18B04C2398}.Debug|Any CPU.ActiveCfg = Debug|Any CPU
		{C8594BA4-8567-4EA7-BA03-4F18B04C2398}.Debug|Any CPU.Build.0 = Debug|Any CPU
		{C8594BA4-8567-4EA7-BA03-4F18B04C2398}.Release|Any CPU.ActiveCfg = Release|Any CPU
		{C8594BA4-8567-4EA7-BA03-4F18B04C2398}.Release|Any CPU.Build.0 = Release|Any CPU
		{DBD2D189-5D8E-4BAF-B2E7-C14D0DD06392}.Debug|Any CPU.ActiveCfg = Debug|Any CPU
		{DBD2D189-5D8E-4BAF-B2E7-C14D0DD06392}.Debug|Any CPU.Build.0 = Debug|Any CPU
		{DBD2D189-5D8E-4BAF-B2E7-C14D0DD06392}.Release|Any CPU.ActiveCfg = Release|Any CPU
		{DBD2D189-5D8E-4BAF-B2E7-C14D0DD06392}.Release|Any CPU.Build.0 = Release|Any CPU
		{CC339553-1FC8-4866-A3CB-3795E439E17A}.Debug|Any CPU.ActiveCfg = Debug|Any CPU
		{CC339553-1FC8-4866-A3CB-3795E439E17A}.Debug|Any CPU.Build.0 = Debug|Any CPU
		{CC339553-1FC8-4866-A3CB-3795E439E17A}.Release|Any CPU.ActiveCfg = Release|Any CPU
		{CC339553-1FC8-4866-A3CB-3795E439E17A}.Release|Any CPU.Build.0 = Release|Any CPU
		{C84857E5-4EA6-4BC6-8BA6-D853229A8913}.Debug|Any CPU.ActiveCfg = Debug|Any CPU
		{C84857E5-4EA6-4BC6-8BA6-D853229A8913}.Debug|Any CPU.Build.0 = Debug|Any CPU
		{C84857E5-4EA6-4BC6-8BA6-D853229A8913}.Release|Any CPU.ActiveCfg = Release|Any CPU
		{C84857E5-4EA6-4BC6-8BA6-D853229A8913}.Release|Any CPU.Build.0 = Release|Any CPU
		{34A41EE3-93DD-43E6-A7A3-41510224900A}.Debug|Any CPU.ActiveCfg = Debug|Any CPU
		{34A41EE3-93DD-43E6-A7A3-41510224900A}.Debug|Any CPU.Build.0 = Debug|Any CPU
		{34A41EE3-93DD-43E6-A7A3-41510224900A}.Release|Any CPU.ActiveCfg = Release|Any CPU
		{34A41EE3-93DD-43E6-A7A3-41510224900A}.Release|Any CPU.Build.0 = Release|Any CPU
		{DBAA6C48-5BC8-4B0F-8C0F-930E28F46CE8}.Debug|Any CPU.ActiveCfg = Debug|Any CPU
		{DBAA6C48-5BC8-4B0F-8C0F-930E28F46CE8}.Debug|Any CPU.Build.0 = Debug|Any CPU
		{DBAA6C48-5BC8-4B0F-8C0F-930E28F46CE8}.Release|Any CPU.ActiveCfg = Release|Any CPU
		{DBAA6C48-5BC8-4B0F-8C0F-930E28F46CE8}.Release|Any CPU.Build.0 = Release|Any CPU
		{198019B9-7866-4907-B5EC-0CB9F7E72211}.Debug|Any CPU.ActiveCfg = Debug|Any CPU
		{198019B9-7866-4907-B5EC-0CB9F7E72211}.Debug|Any CPU.Build.0 = Debug|Any CPU
		{198019B9-7866-4907-B5EC-0CB9F7E72211}.Release|Any CPU.ActiveCfg = Release|Any CPU
		{198019B9-7866-4907-B5EC-0CB9F7E72211}.Release|Any CPU.Build.0 = Release|Any CPU
	EndGlobalSection
	GlobalSection(SolutionProperties) = preSolution
		HideSolutionNode = FALSE
	EndGlobalSection
	GlobalSection(NestedProjects) = preSolution
		{34A41EE3-93DD-43E6-A7A3-41510224900A} = {93371FBF-A2BB-4A6B-9D5B-7AD29F1C53AD}
	EndGlobalSection
	GlobalSection(ExtensibilityGlobals) = postSolution
		SolutionGuid = {24FA8786-52AF-4050-822B-D8D8DF2B0577}
	EndGlobalSection
EndGlobal
